<Solution>
  <Project Path="POO-Básico/Exercicio01/Exercicio01.csproj" Id="949ace6f-0c86-4e62-a490-b11215298b2d" />
  <Project Path="POO-Básico/Exercicio02/Exercicio02.csproj" Id="29b1f0a8-dfa6-4ef0-9f1f-778d90dfd8f5" />
  <Project Path="POO-Básico/Exercicio03/Exercicio03.csproj" Id="f3ebacee-3f39-4d9f-8ac6-b50caf5d50ec" />
  <Project Path="POO-Básico/Exercicio04/Exercicio04.csproj" Id="e3ceb7c9-31ac-4569-aa5a-bcbef7e26535" />
  <Project Path="POO-Básico/Exercicio05/Exercicio05.csproj" Id="1f3a326d-c5f6-42dd-bf7d-c7f9aad8cd5e" />
  <Project Path="POO-Básico/Exercicio06/Exercicio06.csproj" />
  <Project Path="POO-Básico/Exercicio07/Exercicio07.csproj" Id="4568f37e-bd93-45a7-80e0-fd149fcd3af4" />
</Solution>
