<Solution>
  <Folder Name="/Básico/">
    <File Path="README.md" />
    <Project Path="Exercicio02/Exercicio02.csproj" />
    <Project Path="Exercicio03/Exercicio03.csproj" />
    <Project Path="Exercicio04/Exercicio04.csproj" />
    <Project Path="Exercicio05/Exercicio05.csproj" />
    <Project Path="Exercises/Exercicio01.csproj" />
  </Folder>
</Solution>
